
Microsoft Visual Studio Solution File, Format Version 12.00
# Visual Studio 15
VisualStudioVersion = 15.0.28010.2041
MinimumVisualStudioVersion = 10.0.40219.1
Project("{FAE04EC0-301F-11D3-BF4B-00C04F79EFBC}") = "Vouchers.WebApi", "Vouchers.WebApi\Vouchers.WebApi.csproj", "{6576424A-9848-497E-8F2E-F911EE6D2C20}"
EndProject
Project("{FAE04EC0-301F-11D3-BF4B-00C04F79EFBC}") = "Vouchers.IntegrationTests", "Vouchers.IntegrationTests\Vouchers.IntegrationTests.csproj", "{818F2423-F280-4891-9608-A26A496D48BF}"
EndProject
Global
	GlobalSection(SolutionConfigurationPlatforms) = preSolution
		Debug|Any CPU = Debug|Any CPU
		Release|Any CPU = Release|Any CPU
	EndGlobalSection
	GlobalSection(ProjectConfigurationPlatforms) = postSolution
		{6576424A-9848-497E-8F2E-F911EE6D2C20}.Debug|Any CPU.ActiveCfg = Debug|Any CPU
		{6576424A-9848-497E-8F2E-F911EE6D2C20}.Debug|Any CPU.Build.0 = Debug|Any CPU
		{6576424A-9848-497E-8F2E-F911EE6D2C20}.Release|Any CPU.ActiveCfg = Release|Any CPU
		{6576424A-9848-497E-8F2E-F911EE6D2C20}.Release|Any CPU.Build.0 = Release|Any CPU
		{818F2423-F280-4891-9608-A26A496D48BF}.Debug|Any CPU.ActiveCfg = Debug|Any CPU
		{818F2423-F280-4891-9608-A26A496D48BF}.Debug|Any CPU.Build.0 = Debug|Any CPU
		{818F2423-F280-4891-9608-A26A496D48BF}.Release|Any CPU.ActiveCfg = Release|Any CPU
		{818F2423-F280-4891-9608-A26A496D48BF}.Release|Any CPU.Build.0 = Release|Any CPU
	EndGlobalSection
	GlobalSection(SolutionProperties) = preSolution
		HideSolutionNode = FALSE
	EndGlobalSection
	GlobalSection(ExtensibilityGlobals) = postSolution
		SolutionGuid = {756173C6-AEEC-4DBD-BD54-74C4021D39C9}
	EndGlobalSection
EndGlobal
